
Microsoft Visual Studio Solution File, Format Version 12.00
# Visual Studio Version 17
VisualStudioVersion = 17.5.33502.453
MinimumVisualStudioVersion = 10.0.40219.1
Project("{FAE04EC0-301F-11D3-BF4B-00C04F79EFBC}") = "Game7D2D", "7d2d_Hack\Game7D2D.csproj", "{600A7D7B-782A-4092-9E0E-42E142F9D16A}"
EndProject
Global
	GlobalSection(SolutionConfigurationPlatforms) = preSolution
		Debug|Any CPU = Debug|Any CPU
		Release|Any CPU = Release|Any CPU
	EndGlobalSection
	GlobalSection(ProjectConfigurationPlatforms) = postSolution
		{600A7D7B-782A-4092-9E0E-42E142F9D16A}.Debug|Any CPU.ActiveCfg = Debug|Any CPU
		{600A7D7B-782A-4092-9E0E-42E142F9D16A}.Debug|Any CPU.Build.0 = Debug|Any CPU
		{600A7D7B-782A-4092-9E0E-42E142F9D16A}.Release|Any CPU.ActiveCfg = Release|Any CPU
		{600A7D7B-782A-4092-9E0E-42E142F9D16A}.Release|Any CPU.Build.0 = Release|Any CPU
	EndGlobalSection
	GlobalSection(SolutionProperties) = preSolution
		HideSolutionNode = FALSE
	EndGlobalSection
	GlobalSection(ExtensibilityGlobals) = postSolution
		SolutionGuid = {B8FA6B33-A38C-4452-8AAF-0E1694D0AC4D}
	EndGlobalSection
EndGlobal
